
Microsoft Visual Studio Solution File, Format Version 12.00
# Visual Studio Version 16
VisualStudioVersion = 16.0.31424.327
MinimumVisualStudioVersion = 10.0.40219.1
Project("{FAE04EC0-301F-11D3-BF4B-00C04F79EFBC}") = "Churrasco", "Churrasco\Churrasco.csproj", "{69C4B74A-50AC-46BB-B4E9-B8A748CED4AE}"
EndProject
Global
	GlobalSection(SolutionConfigurationPlatforms) = preSolution
		Debug|Any CPU = Debug|Any CPU
		Release|Any CPU = Release|Any CPU
	EndGlobalSection
	GlobalSection(ProjectConfigurationPlatforms) = postSolution
		{69C4B74A-50AC-46BB-B4E9-B8A748CED4AE}.Debug|Any CPU.ActiveCfg = Debug|Any CPU
		{69C4B74A-50AC-46BB-B4E9-B8A748CED4AE}.Debug|Any CPU.Build.0 = Debug|Any CPU
		{69C4B74A-50AC-46BB-B4E9-B8A748CED4AE}.Release|Any CPU.ActiveCfg = Release|Any CPU
		{69C4B74A-50AC-46BB-B4E9-B8A748CED4AE}.Release|Any CPU.Build.0 = Release|Any CPU
	EndGlobalSection
	GlobalSection(SolutionProperties) = preSolution
		HideSolutionNode = FALSE
	EndGlobalSection
	GlobalSection(ExtensibilityGlobals) = postSolution
		SolutionGuid = {1AC254ED-20EA-4220-8364-2686C5F09A74}
	EndGlobalSection
EndGlobal
